
Microsoft Visual Studio Solution File, Format Version 12.00
# Visual Studio Version 17
VisualStudioVersion = 17.4.33213.308
MinimumVisualStudioVersion = 10.0.40219.1
Project("{FAE04EC0-301F-11D3-BF4B-00C04F79EFBC}") = "Lab_6_3_Net_4", "Lab_6_3_Net_4.csproj", "{D2DA6BD2-F352-4834-92D0-B2B8FC1FE7B4}"
EndProject
Global
	GlobalSection(SolutionConfigurationPlatforms) = preSolution
		Debug|Any CPU = Debug|Any CPU
		Release|Any CPU = Release|Any CPU
	EndGlobalSection
	GlobalSection(ProjectConfigurationPlatforms) = postSolution
		{D2DA6BD2-F352-4834-92D0-B2B8FC1FE7B4}.Debug|Any CPU.ActiveCfg = Debug|Any CPU
		{D2DA6BD2-F352-4834-92D0-B2B8FC1FE7B4}.Debug|Any CPU.Build.0 = Debug|Any CPU
		{D2DA6BD2-F352-4834-92D0-B2B8FC1FE7B4}.Release|Any CPU.ActiveCfg = Release|Any CPU
		{D2DA6BD2-F352-4834-92D0-B2B8FC1FE7B4}.Release|Any CPU.Build.0 = Release|Any CPU
	EndGlobalSection
	GlobalSection(SolutionProperties) = preSolution
		HideSolutionNode = FALSE
	EndGlobalSection
	GlobalSection(ExtensibilityGlobals) = postSolution
		SolutionGuid = {54198A4A-B28F-4EFD-930B-52BDC38BBF97}
	EndGlobalSection
EndGlobal
