
Microsoft Visual Studio Solution File, Format Version 12.00
# Visual Studio Version 17
VisualStudioVersion = 17.5.33424.131
MinimumVisualStudioVersion = 10.0.40219.1
Project("{FAE04EC0-301F-11D3-BF4B-00C04F79EFBC}") = "NET_4_ASM_API", "NET_4_ASM_API.csproj", "{530FC3A1-ACB1-4EE1-B2A0-AB79C94F4203}"
EndProject
Global
	GlobalSection(SolutionConfigurationPlatforms) = preSolution
		Debug|Any CPU = Debug|Any CPU
		Release|Any CPU = Release|Any CPU
	EndGlobalSection
	GlobalSection(ProjectConfigurationPlatforms) = postSolution
		{530FC3A1-ACB1-4EE1-B2A0-AB79C94F4203}.Debug|Any CPU.ActiveCfg = Debug|Any CPU
		{530FC3A1-ACB1-4EE1-B2A0-AB79C94F4203}.Debug|Any CPU.Build.0 = Debug|Any CPU
		{530FC3A1-ACB1-4EE1-B2A0-AB79C94F4203}.Release|Any CPU.ActiveCfg = Release|Any CPU
		{530FC3A1-ACB1-4EE1-B2A0-AB79C94F4203}.Release|Any CPU.Build.0 = Release|Any CPU
	EndGlobalSection
	GlobalSection(SolutionProperties) = preSolution
		HideSolutionNode = FALSE
	EndGlobalSection
	GlobalSection(ExtensibilityGlobals) = postSolution
		SolutionGuid = {7EFBEBEA-88B2-476D-9CC7-7D7CD6960193}
	EndGlobalSection
EndGlobal
