
Microsoft Visual Studio Solution File, Format Version 12.00
# Visual Studio Version 17
VisualStudioVersion = 17.4.33122.133
MinimumVisualStudioVersion = 10.0.40219.1
Project("{9A19103F-16F7-4668-BE54-9A1E7A4F7556}") = "Lab_2_3_Net_4", "Lab_2_3_Net_4.csproj", "{863807D3-B9DE-4F27-B345-F17FD67FE2DE}"
EndProject
Global
	GlobalSection(SolutionConfigurationPlatforms) = preSolution
		Debug|Any CPU = Debug|Any CPU
		Release|Any CPU = Release|Any CPU
	EndGlobalSection
	GlobalSection(ProjectConfigurationPlatforms) = postSolution
		{863807D3-B9DE-4F27-B345-F17FD67FE2DE}.Debug|Any CPU.ActiveCfg = Debug|Any CPU
		{863807D3-B9DE-4F27-B345-F17FD67FE2DE}.Debug|Any CPU.Build.0 = Debug|Any CPU
		{863807D3-B9DE-4F27-B345-F17FD67FE2DE}.Release|Any CPU.ActiveCfg = Release|Any CPU
		{863807D3-B9DE-4F27-B345-F17FD67FE2DE}.Release|Any CPU.Build.0 = Release|Any CPU
	EndGlobalSection
	GlobalSection(SolutionProperties) = preSolution
		HideSolutionNode = FALSE
	EndGlobalSection
	GlobalSection(ExtensibilityGlobals) = postSolution
		SolutionGuid = {F3E393E7-76DD-4193-AA46-DE78CCF87A7E}
	EndGlobalSection
EndGlobal
